
Microsoft Visual Studio Solution File, Format Version 12.00
# Visual Studio Version 16
VisualStudioVersion = 16.0.32413.511
MinimumVisualStudioVersion = 10.0.40219.1
Project("{FAE04EC0-301F-11D3-BF4B-00C04F79EFBC}") = "pAplicacionesWEB", "pAplicacionesWEB.csproj", "{5D04BECC-BFF5-4D4A-800A-C69CE4FADE08}"
EndProject
Global
	GlobalSection(SolutionConfigurationPlatforms) = preSolution
		Debug|Any CPU = Debug|Any CPU
		Release|Any CPU = Release|Any CPU
	EndGlobalSection
	GlobalSection(ProjectConfigurationPlatforms) = postSolution
		{5D04BECC-BFF5-4D4A-800A-C69CE4FADE08}.Debug|Any CPU.ActiveCfg = Debug|Any CPU
		{5D04BECC-BFF5-4D4A-800A-C69CE4FADE08}.Debug|Any CPU.Build.0 = Debug|Any CPU
		{5D04BECC-BFF5-4D4A-800A-C69CE4FADE08}.Release|Any CPU.ActiveCfg = Release|Any CPU
		{5D04BECC-BFF5-4D4A-800A-C69CE4FADE08}.Release|Any CPU.Build.0 = Release|Any CPU
	EndGlobalSection
	GlobalSection(SolutionProperties) = preSolution
		HideSolutionNode = FALSE
	EndGlobalSection
	GlobalSection(ExtensibilityGlobals) = postSolution
		SolutionGuid = {176C6B8F-CDAC-41E0-AEDF-6393BD40850B}
	EndGlobalSection
EndGlobal
